
Microsoft Visual Studio Solution File, Format Version 12.00
# Visual Studio Version 16
VisualStudioVersion = 16.0.30611.23
MinimumVisualStudioVersion = 10.0.40219.1
Project("{FAE04EC0-301F-11D3-BF4B-00C04F79EFBC}") = "Project", "Project\Project.csproj", "{8AB1A222-A7CC-4E93-935D-8948D44311B2}"
EndProject
Global
	GlobalSection(SolutionConfigurationPlatforms) = preSolution
		Debug|Any CPU = Debug|Any CPU
		Release|Any CPU = Release|Any CPU
	EndGlobalSection
	GlobalSection(ProjectConfigurationPlatforms) = postSolution
		{8AB1A222-A7CC-4E93-935D-8948D44311B2}.Debug|Any CPU.ActiveCfg = Debug|Any CPU
		{8AB1A222-A7CC-4E93-935D-8948D44311B2}.Debug|Any CPU.Build.0 = Debug|Any CPU
		{8AB1A222-A7CC-4E93-935D-8948D44311B2}.Release|Any CPU.ActiveCfg = Release|Any CPU
		{8AB1A222-A7CC-4E93-935D-8948D44311B2}.Release|Any CPU.Build.0 = Release|Any CPU
	EndGlobalSection
	GlobalSection(SolutionProperties) = preSolution
		HideSolutionNode = FALSE
	EndGlobalSection
	GlobalSection(ExtensibilityGlobals) = postSolution
		SolutionGuid = {EDE7223E-55C2-45E0-942B-7CE852151BFC}
	EndGlobalSection
EndGlobal
